// !$*UTF8*$!
{
	archiveVersion = 1;
	classes = {
	};
	objectVersion = 46;
	objects = {

/* Begin PBXBuildFile section */
		92F3E80D1F55C83E009D46C4 /* main.m in Sources */ = {isa = PBXBuildFile; fileRef = 92F3E80C1F55C83E009D46C4 /* main.m */; };
		92F3E8101F55C83E009D46C4 /* AppDelegate.m in Sources */ = {isa = PBXBuildFile; fileRef = 92F3E80F1F55C83E009D46C4 /* AppDelegate.m */; };
		92F3E8131F55C83E009D46C4 /* ViewController.m in Sources */ = {isa = PBXBuildFile; fileRef = 92F3E8121F55C83E009D46C4 /* ViewController.m */; };
		92F3E8161F55C83E009D46C4 /* Main.storyboard in Resources */ = {isa = PBXBuildFile; fileRef = 92F3E8141F55C83E009D46C4 /* Main.storyboard */; };
		92F3E8181F55C83E009D46C4 /* Assets.xcassets in Resources */ = {isa = PBXBuildFile; fileRef = 92F3E8171F55C83E009D46C4 /* Assets.xcassets */; };
		92F3E81B1F55C83E009D46C4 /* LaunchScreen.storyboard in Resources */ = {isa = PBXBuildFile; fileRef = 92F3E8191F55C83E009D46C4 /* LaunchScreen.storyboard */; };
		92F3E8261F55C83E009D46C4 /* Lesson_7Tests.m in Sources */ = {isa = PBXBuildFile; fileRef = 92F3E8251F55C83E009D46C4 /* Lesson_7Tests.m */; };
		92F3E8311F55C83E009D46C4 /* Lesson_7UITests.m in Sources */ = {isa = PBXBuildFile; fileRef = 92F3E8301F55C83E009D46C4 /* Lesson_7UITests.m */; };
/* End PBXBuildFile section */

/* Begin PBXContainerItemProxy section */
		92F3E8221F55C83E009D46C4 /* PBXContainerItemProxy */ = {
			isa = PBXContainerItemProxy;
			containerPortal = 92F3E8001F55C83E009D46C4 /* Project object */;
			proxyType = 1;
			remoteGlobalIDString = 92F3E8071F55C83E009D46C4;
			remoteInfo = Lesson_7;
		};
		92F3E82D1F55C83E009D46C4 /* PBXContainerItemProxy */ = {
			isa = PBXContainerItemProxy;
			containerPortal = 92F3E8001F55C83E009D46C4 /* Project object */;
			proxyType = 1;
			remoteGlobalIDString = 92F3E8071F55C83E009D46C4;
			remoteInfo = Lesson_7;
		};
/* End PBXContainerItemProxy section */

/* Begin PBXFileReference section */
		92F3E8081F55C83E009D46C4 /* Lesson_7.app */ = {isa = PBXFileReference; explicitFileType = wrapper.application; includeInIndex = 0; path = Lesson_7.app; sourceTree = BUILT_PRODUCTS_DIR; };
		92F3E80C1F55C83E009D46C4 /* main.m */ = {isa = PBXFileReference; lastKnownFileType = sourcecode.c.objc; path = main.m; sourceTree = "<group>"; };
		92F3E80E1F55C83E009D46C4 /* AppDelegate.h */ = {isa = PBXFileReference; lastKnownFileType = sourcecode.c.h; path = AppDelegate.h; sourceTree = "<group>"; };
		92F3E80F1F55C83E009D46C4 /* AppDelegate.m */ = {isa = PBXFileReference; lastKnownFileType = sourcecode.c.objc; path = AppDelegate.m; sourceTree = "<group>"; };
		92F3E8111F55C83E009D46C4 /* ViewController.h */ = {isa = PBXFileReference; lastKnownFileType = sourcecode.c.h; path = ViewController.h; sourceTree = "<group>"; };
		92F3E8121F55C83E009D46C4 /* ViewController.m */ = {isa = PBXFileReference; lastKnownFileType = sourcecode.c.objc; path = ViewController.m; sourceTree = "<group>"; };
		92F3E8151F55C83E009D46C4 /* Base */ = {isa = PBXFileReference; lastKnownFileType = file.storyboard; name = Base; path = Base.lproj/Main.storyboard; sourceTree = "<group>"; };
		92F3E8171F55C83E009D46C4 /* Assets.xcassets */ = {isa = PBXFileReference; lastKnownFileType = folder.assetcatalog; path = Assets.xcassets; sourceTree = "<group>"; };
		92F3E81A1F55C83E009D46C4 /* Base */ = {isa = PBXFileReference; lastKnownFileType = file.storyboard; name = Base; path = Base.lproj/LaunchScreen.storyboard; sourceTree = "<group>"; };
		92F3E81C1F55C83E009D46C4 /* Info.plist */ = {isa = PBXFileReference; lastKnownFileType = text.plist.xml; path = Info.plist; sourceTree = "<group>"; };
		92F3E8211F55C83E009D46C4 /* Lesson_7Tests.xctest */ = {isa = PBXFileReference; explicitFileType = wrapper.cfbundle; includeInIndex = 0; path = Lesson_7Tests.xctest; sourceTree = BUILT_PRODUCTS_DIR; };
		92F3E8251F55C83E009D46C4 /* Lesson_7Tests.m */ = {isa = PBXFileReference; lastKnownFileType = sourcecode.c.objc; path = Lesson_7Tests.m; sourceTree = "<group>"; };
		92F3E8271F55C83E009D46C4 /* Info.plist */ = {isa = PBXFileReference; lastKnownFileType = text.plist.xml; path = Info.plist; sourceTree = "<group>"; };
		92F3E82C1F55C83E009D46C4 /* Lesson_7UITests.xctest */ = {isa = PBXFileReference; explicitFileType = wrapper.cfbundle; includeInIndex = 0; path = Lesson_7UITests.xctest; sourceTree = BUILT_PRODUCTS_DIR; };
		92F3E8301F55C83E009D46C4 /* Lesson_7UITests.m */ = {isa = PBXFileReference; lastKnownFileType = sourcecode.c.objc; path = Lesson_7UITests.m; sourceTree = "<group>"; };
		92F3E8321F55C83E009D46C4 /* Info.plist */ = {isa = PBXFileReference; lastKnownFileType = text.plist.xml; path = Info.plist; sourceTree = "<group>"; };
/* End PBXFileReference section */

/* Begin PBXFrameworksBuildPhase section */
		92F3E8051F55C83E009D46C4 /* Frameworks */ = {
			isa = PBXFrameworksBuildPhase;
			buildActionMask = 2147483647;
			files = (
			);
			runOnlyForDeploymentPostprocessing = 0;
		};
		92F3E81E1F55C83E009D46C4 /* Frameworks */ = {
			isa = PBXFrameworksBuildPhase;
			buildActionMask = 2147483647;
			files = (
			);
			runOnlyForDeploymentPostprocessing = 0;
		};
		92F3E8291F55C83E009D46C4 /* Frameworks */ = {
			isa = PBXFrameworksBuildPhase;
			buildActionMask = 2147483647;
			files = (
			);
			runOnlyForDeploymentPostprocessing = 0;
		};
/* End PBXFrameworksBuildPhase section */

/* Begin PBXGroup section */
		92F3E7FF1F55C83E009D46C4 = {
			isa = PBXGroup;
			children = (
				92F3E80A1F55C83E009D46C4 /* Lesson_7 */,
				92F3E8241F55C83E009D46C4 /* Lesson_7Tests */,
				92F3E82F1F55C83E009D46C4 /* Lesson_7UITests */,
				92F3E8091F55C83E009D46C4 /* Products */,
			);
			sourceTree = "<group>";
		};
		92F3E8091F55C83E009D46C4 /* Products */ = {
			isa = PBXGroup;
			children = (
				92F3E8081F55C83E009D46C4 /* Lesson_7.app */,
				92F3E8211F55C83E009D46C4 /* Lesson_7Tests.xctest */,
				92F3E82C1F55C83E009D46C4 /* Lesson_7UITests.xctest */,
			);
			name = Products;
			sourceTree = "<group>";
		};
		92F3E80A1F55C83E009D46C4 /* Lesson_7 */ = {
			isa = PBXGroup;
			children = (
				92F3E80E1F55C83E009D46C4 /* AppDelegate.h */,
				92F3E80F1F55C83E009D46C4 /* AppDelegate.m */,
				92F3E8111F55C83E009D46C4 /* ViewController.h */,
				92F3E8121F55C83E009D46C4 /* ViewController.m */,
				92F3E8141F55C83E009D46C4 /* Main.storyboard */,
				92F3E8171F55C83E009D46C4 /* Assets.xcassets */,
				92F3E8191F55C83E009D46C4 /* LaunchScreen.storyboard */,
				92F3E81C1F55C83E009D46C4 /* Info.plist */,
				92F3E80B1F55C83E009D46C4 /* Supporting Files */,
			);
			path = Lesson_7;
			sourceTree = "<group>";
		};
		92F3E80B1F55C83E009D46C4 /* Supporting Files */ = {
			isa = PBXGroup;
			children = (
				92F3E80C1F55C83E009D46C4 /* main.m */,
			);
			name = "Supporting Files";
			sourceTree = "<group>";
		};
		92F3E8241F55C83E009D46C4 /* Lesson_7Tests */ = {
			isa = PBXGroup;
			children = (
				92F3E8251F55C83E009D46C4 /* Lesson_7Tests.m */,
				92F3E8271F55C83E009D46C4 /* Info.plist */,
			);
			path = Lesson_7Tests;
			sourceTree = "<group>";
		};
		92F3E82F1F55C83E009D46C4 /* Lesson_7UITests */ = {
			isa = PBXGroup;
			children = (
				92F3E8301F55C83E009D46C4 /* Lesson_7UITests.m */,
				92F3E8321F55C83E009D46C4 /* Info.plist */,
			);
			path = Lesson_7UITests;
			sourceTree = "<group>";
		};
/* End PBXGroup section */

/* Begin PBXNativeTarget section */
		92F3E8071F55C83E009D46C4 /* Lesson_7 */ = {
			isa = PBXNativeTarget;
			buildConfigurationList = 92F3E8351F55C83E009D46C4 /* Build configuration list for PBXNativeTarget "Lesson_7" */;
			buildPhases = (
				92F3E8041F55C83E009D46C4 /* Sources */,
				92F3E8051F55C83E009D46C4 /* Frameworks */,
				92F3E8061F55C83E009D46C4 /* Resources */,
			);
			buildRules = (
			);
			dependencies = (
			);
			name = Lesson_7;
			productName = Lesson_7;
			productReference = 92F3E8081F55C83E009D46C4 /* Lesson_7.app */;
			productType = "com.apple.product-type.application";
		};
		92F3E8201F55C83E009D46C4 /* Lesson_7Tests */ = {
			isa = PBXNativeTarget;
			buildConfigurationList = 92F3E8381F55C83E009D46C4 /* Build configuration list for PBXNativeTarget "Lesson_7Tests" */;
			buildPhases = (
				92F3E81D1F55C83E009D46C4 /* Sources */,
				92F3E81E1F55C83E009D46C4 /* Frameworks */,
				92F3E81F1F55C83E009D46C4 /* Resources */,
			);
			buildRules = (
			);
			dependencies = (
				92F3E8231F55C83E009D46C4 /* PBXTargetDependency */,
			);
			name = Lesson_7Tests;
			productName = Lesson_7Tests;
			productReference = 92F3E8211F55C83E009D46C4 /* Lesson_7Tests.xctest */;
			productType = "com.apple.product-type.bundle.unit-test";
		};
		92F3E82B1F55C83E009D46C4 /* Lesson_7UITests */ = {
			isa = PBXNativeTarget;
			buildConfigurationList = 92F3E83B1F55C83E009D46C4 /* Build configuration list for PBXNativeTarget "Lesson_7UITests" */;
			buildPhases = (
				92F3E8281F55C83E009D46C4 /* Sources */,
				92F3E8291F55C83E009D46C4 /* Frameworks */,
				92F3E82A1F55C83E009D46C4 /* Resources */,
			);
			buildRules = (
			);
			dependencies = (
				92F3E82E1F55C83E009D46C4 /* PBXTargetDependency */,
			);
			name = Lesson_7UITests;
			productName = Lesson_7UITests;
			productReference = 92F3E82C1F55C83E009D46C4 /* Lesson_7UITests.xctest */;
			productType = "com.apple.product-type.bundle.ui-testing";
		};
/* End PBXNativeTarget section */

/* Begin PBXProject section */
		92F3E8001F55C83E009D46C4 /* Project object */ = {
			isa = PBXProject;
			attributes = {
				LastUpgradeCheck = 0830;
				ORGANIZATIONNAME = Denis;
				TargetAttributes = {
					92F3E8071F55C83E009D46C4 = {
						CreatedOnToolsVersion = 8.3.3;
						ProvisioningStyle = Automatic;
					};
					92F3E8201F55C83E009D46C4 = {
						CreatedOnToolsVersion = 8.3.3;
						ProvisioningStyle = Automatic;
						TestTargetID = 92F3E8071F55C83E009D46C4;
					};
					92F3E82B1F55C83E009D46C4 = {
						CreatedOnToolsVersion = 8.3.3;
						ProvisioningStyle = Automatic;
						TestTargetID = 92F3E8071F55C83E009D46C4;
					};
				};
			};
			buildConfigurationList = 92F3E8031F55C83E009D46C4 /* Build configuration list for PBXProject "Lesson_7" */;
			compatibilityVersion = "Xcode 3.2";
			developmentRegion = English;
			hasScannedForEncodings = 0;
			knownRegions = (
				en,
				Base,
			);
			mainGroup = 92F3E7FF1F55C83E009D46C4;
			productRefGroup = 92F3E8091F55C83E009D46C4 /* Products */;
			projectDirPath = "";
			projectRoot = "";
			targets = (
				92F3E8071F55C83E009D46C4 /* Lesson_7 */,
				92F3E8201F55C83E009D46C4 /* Lesson_7Tests */,
				92F3E82B1F55C83E009D46C4 /* Lesson_7UITests */,
			);
		};
/* End PBXProject section */

/* Begin PBXResourcesBuildPhase section */
		92F3E8061F55C83E009D46C4 /* Resources */ = {
			isa = PBXResourcesBuildPhase;
			buildActionMask = 2147483647;
			files = (
				92F3E81B1F55C83E009D46C4 /* LaunchScreen.storyboard in Resources */,
				92F3E8181F55C83E009D46C4 /* Assets.xcassets in Resources */,
				92F3E8161F55C83E009D46C4 /* Main.storyboard in Resources */,
			);
			runOnlyForDeploymentPostprocessing = 0;
		};
		92F3E81F1F55C83E009D46C4 /* Resources */ = {
			isa = PBXResourcesBuildPhase;
			buildActionMask = 2147483647;
			files = (
			);
			runOnlyForDeploymentPostprocessing = 0;
		};
		92F3E82A1F55C83E009D46C4 /* Resources */ = {
			isa = PBXResourcesBuildPhase;
			buildActionMask = 2147483647;
			files = (
			);
			runOnlyForDeploymentPostprocessing = 0;
		};
/* End PBXResourcesBuildPhase section */

/* Begin PBXSourcesBuildPhase section */
		92F3E8041F55C83E009D46C4 /* Sources */ = {
			isa = PBXSourcesBuildPhase;
			buildActionMask = 2147483647;
			files = (
				92F3E8131F55C83E009D46C4 /* ViewController.m in Sources */,
				92F3E8101F55C83E009D46C4 /* AppDelegate.m in Sources */,
				92F3E80D1F55C83E009D46C4 /* main.m in Sources */,
			);
			runOnlyForDeploymentPostprocessing = 0;
		};
		92F3E81D1F55C83E009D46C4 /* Sources */ = {
			isa = PBXSourcesBuildPhase;
			buildActionMask = 2147483647;
			files = (
				92F3E8261F55C83E009D46C4 /* Lesson_7Tests.m in Sources */,
			);
			runOnlyForDeploymentPostprocessing = 0;
		};
		92F3E8281F55C83E009D46C4 /* Sources */ = {
			isa = PBXSourcesBuildPhase;
			buildActionMask = 2147483647;
			files = (
				92F3E8311F55C83E009D46C4 /* Lesson_7UITests.m in Sources */,
			);
			runOnlyForDeploymentPostprocessing = 0;
		};
/* End PBXSourcesBuildPhase section */

/* Begin PBXTargetDependency section */
		92F3E8231F55C83E009D46C4 /* PBXTargetDependency */ = {
			isa = PBXTargetDependency;
			target = 92F3E8071F55C83E009D46C4 /* Lesson_7 */;
			targetProxy = 92F3E8221F55C83E009D46C4 /* PBXContainerItemProxy */;
		};
		92F3E82E1F55C83E009D46C4 /* PBXTargetDependency */ = {
			isa = PBXTargetDependency;
			target = 92F3E8071F55C83E009D46C4 /* Lesson_7 */;
			targetProxy = 92F3E82D1F55C83E009D46C4 /* PBXContainerItemProxy */;
		};
/* End PBXTargetDependency section */

/* Begin PBXVariantGroup section */
		92F3E8141F55C83E009D46C4 /* Main.storyboard */ = {
			isa = PBXVariantGroup;
			children = (
				92F3E8151F55C83E009D46C4 /* Base */,
			);
			name = Main.storyboard;
			sourceTree = "<group>";
		};
		92F3E8191F55C83E009D46C4 /* LaunchScreen.storyboard */ = {
			isa = PBXVariantGroup;
			children = (
				92F3E81A1F55C83E009D46C4 /* Base */,
			);
			name = LaunchScreen.storyboard;
			sourceTree = "<group>";
		};
/* End PBXVariantGroup section */

/* Begin XCBuildConfiguration section */
		92F3E8331F55C83E009D46C4 /* Debug */ = {
			isa = XCBuildConfiguration;
			buildSettings = {
				ALWAYS_SEARCH_USER_PATHS = NO;
				CLANG_ANALYZER_NONNULL = YES;
				CLANG_ANALYZER_NUMBER_OBJECT_CONVERSION = YES_AGGRESSIVE;
				CLANG_CXX_LANGUAGE_STANDARD = "gnu++0x";
				CLANG_CXX_LIBRARY = "libc++";
				CLANG_ENABLE_MODULES = YES;
				CLANG_ENABLE_OBJC_ARC = YES;
				CLANG_WARN_BOOL_CONVERSION = YES;
				CLANG_WARN_CONSTANT_CONVERSION = YES;
				CLANG_WARN_DIRECT_OBJC_ISA_USAGE = YES_ERROR;
				CLANG_WARN_DOCUMENTATION_COMMENTS = YES;
				CLANG_WARN_EMPTY_BODY = YES;
				CLANG_WARN_ENUM_CONVERSION = YES;
				CLANG_WARN_INFINITE_RECURSION = YES;
				CLANG_WARN_INT_CONVERSION = YES;
				CLANG_WARN_OBJC_ROOT_CLASS = YES_ERROR;
				CLANG_WARN_SUSPICIOUS_MOVE = YES;
				CLANG_WARN_UNREACHABLE_CODE = YES;
				CLANG_WARN__DUPLICATE_METHOD_MATCH = YES;
				"CODE_SIGN_IDENTITY[sdk=iphoneos*]" = "iPhone Developer";
				COPY_PHASE_STRIP = NO;
				DEBUG_INFORMATION_FORMAT = dwarf;
				ENABLE_STRICT_OBJC_MSGSEND = YES;
				ENABLE_TESTABILITY = YES;
				GCC_C_LANGUAGE_STANDARD = gnu99;
				GCC_DYNAMIC_NO_PIC = NO;
				GCC_NO_COMMON_BLOCKS = YES;
				GCC_OPTIMIZATION_LEVEL = 0;
				GCC_PREPROCESSOR_DEFINITIONS = (
					"DEBUG=1",
					"$(inherited)",
				);
				GCC_WARN_64_TO_32_BIT_CONVERSION = YES;
				GCC_WARN_ABOUT_RETURN_TYPE = YES_ERROR;
				GCC_WARN_UNDECLARED_SELECTOR = YES;
				GCC_WARN_UNINITIALIZED_AUTOS = YES_AGGRESSIVE;
				GCC_WARN_UNUSED_FUNCTION = YES;
				GCC_WARN_UNUSED_VARIABLE = YES;
				IPHONEOS_DEPLOYMENT_TARGET = 10.3;
				MTL_ENABLE_DEBUG_INFO = YES;
				ONLY_ACTIVE_ARCH = YES;
				SDKROOT = iphoneos;
				TARGETED_DEVICE_FAMILY = "1,2";
			};
			name = Debug;
		};
		92F3E8341F55C83E009D46C4 /* Release */ = {
			isa = XCBuildConfiguration;
			buildSettings = {
				ALWAYS_SEARCH_USER_PATHS = NO;
				CLANG_ANALYZER_NONNULL = YES;
				CLANG_ANALYZER_NUMBER_OBJECT_CONVERSION = YES_AGGRESSIVE;
				CLANG_CXX_LANGUAGE_STANDARD = "gnu++0x";
				CLANG_CXX_LIBRARY = "libc++";
				CLANG_ENABLE_MODULES = YES;
				CLANG_ENABLE_OBJC_ARC = YES;
				CLANG_WARN_BOOL_CONVERSION = YES;
				CLANG_WARN_CONSTANT_CONVERSION = YES;
				CLANG_WARN_DIRECT_OBJC_ISA_USAGE = YES_ERROR;
				CLANG_WARN_DOCUMENTATION_COMMENTS = YES;
				CLANG_WARN_EMPTY_BODY = YES;
				CLANG_WARN_ENUM_CONVERSION = YES;
				CLANG_WARN_INFINITE_RECURSION = YES;
				CLANG_WARN_INT_CONVERSION = YES;
				CLANG_WARN_OBJC_ROOT_CLASS = YES_ERROR;
				CLANG_WARN_SUSPICIOUS_MOVE = YES;
				CLANG_WARN_UNREACHABLE_CODE = YES;
				CLANG_WARN__DUPLICATE_METHOD_MATCH = YES;
				"CODE_SIGN_IDENTITY[sdk=iphoneos*]" = "iPhone Developer";
				COPY_PHASE_STRIP = NO;
				DEBUG_INFORMATION_FORMAT = "dwarf-with-dsym";
				ENABLE_NS_ASSERTIONS = NO;
				ENABLE_STRICT_OBJC_MSGSEND = YES;
				GCC_C_LANGUAGE_STANDARD = gnu99;
				GCC_NO_COMMON_BLOCKS = YES;
				GCC_WARN_64_TO_32_BIT_CONVERSION = YES;
				GCC_WARN_ABOUT_RETURN_TYPE = YES_ERROR;
				GCC_WARN_UNDECLARED_SELECTOR = YES;
				GCC_WARN_UNINITIALIZED_AUTOS = YES_AGGRESSIVE;
				GCC_WARN_UNUSED_FUNCTION = YES;
				GCC_WARN_UNUSED_VARIABLE = YES;
				IPHONEOS_DEPLOYMENT_TARGET = 10.3;
				MTL_ENABLE_DEBUG_INFO = NO;
				SDKROOT = iphoneos;
				TARGETED_DEVICE_FAMILY = "1,2";
				VALIDATE_PRODUCT = YES;
			};
			name = Release;
		};
		92F3E8361F55C83E009D46C4 /* Debug */ = {
			isa = XCBuildConfiguration;
			buildSettings = {
				ASSETCATALOG_COMPILER_APPICON_NAME = AppIcon;
				INFOPLIST_FILE = Lesson_7/Info.plist;
				LD_RUNPATH_SEARCH_PATHS = "$(inherited) @executable_path/Frameworks";
				PRODUCT_BUNDLE_IDENTIFIER = "-23.Lesson-7";
				PRODUCT_NAME = "$(TARGET_NAME)";
			};
			name = Debug;
		};
		92F3E8371F55C83E009D46C4 /* Release */ = {
			isa = XCBuildConfiguration;
			buildSettings = {
				ASSETCATALOG_COMPILER_APPICON_NAME = AppIcon;
				INFOPLIST_FILE = Lesson_7/Info.plist;
				LD_RUNPATH_SEARCH_PATHS = "$(inherited) @executable_path/Frameworks";
				PRODUCT_BUNDLE_IDENTIFIER = "-23.Lesson-7";
				PRODUCT_NAME = "$(TARGET_NAME)";
			};
			name = Release;
		};
		92F3E8391F55C83E009D46C4 /* Debug */ = {
			isa = XCBuildConfiguration;
			buildSettings = {
				BUNDLE_LOADER = "$(TEST_HOST)";
				INFOPLIST_FILE = Lesson_7Tests/Info.plist;
				LD_RUNPATH_SEARCH_PATHS = "$(inherited) @executable_path/Frameworks @loader_path/Frameworks";
				PRODUCT_BUNDLE_IDENTIFIER = "-23.Lesson-7Tests";
				PRODUCT_NAME = "$(TARGET_NAME)";
				TEST_HOST = "$(BUILT_PRODUCTS_DIR)/Lesson_7.app/Lesson_7";
			};
			name = Debug;
		};
		92F3E83A1F55C83E009D46C4 /* Release */ = {
			isa = XCBuildConfiguration;
			buildSettings = {
				BUNDLE_LOADER = "$(TEST_HOST)";
				INFOPLIST_FILE = Lesson_7Tests/Info.plist;
				LD_RUNPATH_SEARCH_PATHS = "$(inherited) @executable_path/Frameworks @loader_path/Frameworks";
				PRODUCT_BUNDLE_IDENTIFIER = "-23.Lesson-7Tests";
				PRODUCT_NAME = "$(TARGET_NAME)";
				TEST_HOST = "$(BUILT_PRODUCTS_DIR)/Lesson_7.app/Lesson_7";
			};
			name = Release;
		};
		92F3E83C1F55C83E009D46C4 /* Debug */ = {
			isa = XCBuildConfiguration;
			buildSettings = {
				INFOPLIST_FILE = Lesson_7UITests/Info.plist;
				LD_RUNPATH_SEARCH_PATHS = "$(inherited) @executable_path/Frameworks @loader_path/Frameworks";
				PRODUCT_BUNDLE_IDENTIFIER = "-23.Lesson-7UITests";
				PRODUCT_NAME = "$(TARGET_NAME)";
				TEST_TARGET_NAME = Lesson_7;
			};
			name = Debug;
		};
		92F3E83D1F55C83E009D46C4 /* Release */ = {
			isa = XCBuildConfiguration;
			buildSettings = {
				INFOPLIST_FILE = Lesson_7UITests/Info.plist;
				LD_RUNPATH_SEARCH_PATHS = "$(inherited) @executable_path/Frameworks @loader_path/Frameworks";
				PRODUCT_BUNDLE_IDENTIFIER = "-23.Lesson-7UITests";
				PRODUCT_NAME = "$(TARGET_NAME)";
				TEST_TARGET_NAME = Lesson_7;
			};
			name = Release;
		};
/* End XCBuildConfiguration section */

/* Begin XCConfigurationList section */
		92F3E8031F55C83E009D46C4 /* Build configuration list for PBXProject "Lesson_7" */ = {
			isa = XCConfigurationList;
			buildConfigurations = (
				92F3E8331F55C83E009D46C4 /* Debug */,
				92F3E8341F55C83E009D46C4 /* Release */,
			);
			defaultConfigurationIsVisible = 0;
			defaultConfigurationName = Release;
		};
		92F3E8351F55C83E009D46C4 /* Build configuration list for PBXNativeTarget "Lesson_7" */ = {
			isa = XCConfigurationList;
			buildConfigurations = (
				92F3E8361F55C83E009D46C4 /* Debug */,
				92F3E8371F55C83E009D46C4 /* Release */,
			);
			defaultConfigurationIsVisible = 0;
		};
		92F3E8381F55C83E009D46C4 /* Build configuration list for PBXNativeTarget "Lesson_7Tests" */ = {
			isa = XCConfigurationList;
			buildConfigurations = (
				92F3E8391F55C83E009D46C4 /* Debug */,
				92F3E83A1F55C83E009D46C4 /* Release */,
			);
			defaultConfigurationIsVisible = 0;
		};
		92F3E83B1F55C83E009D46C4 /* Build configuration list for PBXNativeTarget "Lesson_7UITests" */ = {
			isa = XCConfigurationList;
			buildConfigurations = (
				92F3E83C1F55C83E009D46C4 /* Debug */,
				92F3E83D1F55C83E009D46C4 /* Release */,
			);
			defaultConfigurationIsVisible = 0;
		};
/* End XCConfigurationList section */
	};
	rootObject = 92F3E8001F55C83E009D46C4 /* Project object */;
}
